// !$*UTF8*$!
{
	archiveVersion = 1;
	classes = {
	};
	objectVersion = 51;
	objects = {

/* Begin PBXBuildFile section */
		6F18CFE0248AD77500E91F3F /* UIDevice+size.swift in Sources */ = {isa = PBXBuildFile; fileRef = 6F18CFDF248AD77500E91F3F /* UIDevice+size.swift */; };
		6F18CFE2248B245D00E91F3F /* CircleButton.swift in Sources */ = {isa = PBXBuildFile; fileRef = 6F18CFE1248B245D00E91F3F /* CircleButton.swift */; };
		6F18CFE4248B7BB400E91F3F /* TimeInterval+string.swift in Sources */ = {isa = PBXBuildFile; fileRef = 6F18CFE3248B7BB400E91F3F /* TimeInterval+string.swift */; };
		6F1A5D262484751A00DCFB72 /* StopwatchCoordinator.swift in Sources */ = {isa = PBXBuildFile; fileRef = 6F1A5D252484751A00DCFB72 /* StopwatchCoordinator.swift */; };
		6F1A5D292484756900DCFB72 /* Coordinator.swift in Sources */ = {isa = PBXBuildFile; fileRef = 6F1A5D282484756900DCFB72 /* Coordinator.swift */; };
		6FC1C41424848C1D007B5593 /* StopwatchViewModel.swift in Sources */ = {isa = PBXBuildFile; fileRef = 6FC1C41324848C1D007B5593 /* StopwatchViewModel.swift */; };
		6FC1C41724849B31007B5593 /* Stopwatch.swift in Sources */ = {isa = PBXBuildFile; fileRef = 6FC1C41624849B31007B5593 /* Stopwatch.swift */; };
		6FDACBC924806CFA0062818E /* AppDelegate.swift in Sources */ = {isa = PBXBuildFile; fileRef = 6FDACBC824806CFA0062818E /* AppDelegate.swift */; };
		6FDACBCB24806CFA0062818E /* SceneDelegate.swift in Sources */ = {isa = PBXBuildFile; fileRef = 6FDACBCA24806CFA0062818E /* SceneDelegate.swift */; };
		6FDACBD224806CFF0062818E /* Assets.xcassets in Resources */ = {isa = PBXBuildFile; fileRef = 6FDACBD124806CFF0062818E /* Assets.xcassets */; };
		6FDACBD524806CFF0062818E /* LaunchScreen.storyboard in Resources */ = {isa = PBXBuildFile; fileRef = 6FDACBD324806CFF0062818E /* LaunchScreen.storyboard */; };
		6FDACBF3248076610062818E /* WorldClockTableViewController.swift in Sources */ = {isa = PBXBuildFile; fileRef = 6FDACBF2248076610062818E /* WorldClockTableViewController.swift */; };
		6FDACBF5248076840062818E /* AlarmTableViewController.swift in Sources */ = {isa = PBXBuildFile; fileRef = 6FDACBF4248076840062818E /* AlarmTableViewController.swift */; };
		6FDACBF7248076A40062818E /* StopwatchViewController.swift in Sources */ = {isa = PBXBuildFile; fileRef = 6FDACBF6248076A40062818E /* StopwatchViewController.swift */; };
		6FDACBF9248076B50062818E /* TimerViewController.swift in Sources */ = {isa = PBXBuildFile; fileRef = 6FDACBF8248076B50062818E /* TimerViewController.swift */; };
		6FDACBFD2480799D0062818E /* HorizontalStackView.swift in Sources */ = {isa = PBXBuildFile; fileRef = 6FDACBFA2480799D0062818E /* HorizontalStackView.swift */; };
		6FDACBFE2480799D0062818E /* VerticalStackView.swift in Sources */ = {isa = PBXBuildFile; fileRef = 6FDACBFB2480799D0062818E /* VerticalStackView.swift */; };
		6FDACBFF2480799D0062818E /* UIView+ConstraintLayout.swift in Sources */ = {isa = PBXBuildFile; fileRef = 6FDACBFC2480799D0062818E /* UIView+ConstraintLayout.swift */; };
		6FDACC0224807BAA0062818E /* ClockTabBarController.swift in Sources */ = {isa = PBXBuildFile; fileRef = 6FDACC0124807BAA0062818E /* ClockTabBarController.swift */; };
		6FDACC0524807E470062818E /* Colors.swift in Sources */ = {isa = PBXBuildFile; fileRef = 6FDACC0424807E470062818E /* Colors.swift */; };
		9DF9AB272485C03B00C89681 /* AddAlarmTableViewController.swift in Sources */ = {isa = PBXBuildFile; fileRef = 9DF9AB262485C03B00C89681 /* AddAlarmTableViewController.swift */; };
		9DF9AB2A2485C67000C89681 /* SegueInfo.swift in Sources */ = {isa = PBXBuildFile; fileRef = 9DF9AB292485C67000C89681 /* SegueInfo.swift */; };
		E28040FE2F3C680C89BA013E /* Pods_Clock.framework in Frameworks */ = {isa = PBXBuildFile; fileRef = 6D9E14E1750D1352047F32F8 /* Pods_Clock.framework */; };
/* End PBXBuildFile section */

/* Begin PBXFileReference section */
		6D9E14E1750D1352047F32F8 /* Pods_Clock.framework */ = {isa = PBXFileReference; explicitFileType = wrapper.framework; includeInIndex = 0; path = Pods_Clock.framework; sourceTree = BUILT_PRODUCTS_DIR; };
		6F18CFDF248AD77500E91F3F /* UIDevice+size.swift */ = {isa = PBXFileReference; lastKnownFileType = sourcecode.swift; path = "UIDevice+size.swift"; sourceTree = "<group>"; };
		6F18CFE1248B245D00E91F3F /* CircleButton.swift */ = {isa = PBXFileReference; lastKnownFileType = sourcecode.swift; path = CircleButton.swift; sourceTree = "<group>"; };
		6F18CFE3248B7BB400E91F3F /* TimeInterval+string.swift */ = {isa = PBXFileReference; lastKnownFileType = sourcecode.swift; path = "TimeInterval+string.swift"; sourceTree = "<group>"; };
		6F1A5D252484751A00DCFB72 /* StopwatchCoordinator.swift */ = {isa = PBXFileReference; lastKnownFileType = sourcecode.swift; path = StopwatchCoordinator.swift; sourceTree = "<group>"; };
		6F1A5D282484756900DCFB72 /* Coordinator.swift */ = {isa = PBXFileReference; lastKnownFileType = sourcecode.swift; path = Coordinator.swift; sourceTree = "<group>"; };
		6FC1C41324848C1D007B5593 /* StopwatchViewModel.swift */ = {isa = PBXFileReference; lastKnownFileType = sourcecode.swift; path = StopwatchViewModel.swift; sourceTree = "<group>"; };
		6FC1C41624849B31007B5593 /* Stopwatch.swift */ = {isa = PBXFileReference; lastKnownFileType = sourcecode.swift; path = Stopwatch.swift; sourceTree = "<group>"; };
		6FDACBC524806CFA0062818E /* Clock.app */ = {isa = PBXFileReference; explicitFileType = wrapper.application; includeInIndex = 0; path = Clock.app; sourceTree = BUILT_PRODUCTS_DIR; };
		6FDACBC824806CFA0062818E /* AppDelegate.swift */ = {isa = PBXFileReference; lastKnownFileType = sourcecode.swift; path = AppDelegate.swift; sourceTree = "<group>"; };
		6FDACBCA24806CFA0062818E /* SceneDelegate.swift */ = {isa = PBXFileReference; lastKnownFileType = sourcecode.swift; path = SceneDelegate.swift; sourceTree = "<group>"; };
		6FDACBD124806CFF0062818E /* Assets.xcassets */ = {isa = PBXFileReference; lastKnownFileType = folder.assetcatalog; path = Assets.xcassets; sourceTree = "<group>"; };
		6FDACBD424806CFF0062818E /* Base */ = {isa = PBXFileReference; lastKnownFileType = file.storyboard; name = Base; path = Base.lproj/LaunchScreen.storyboard; sourceTree = "<group>"; };
		6FDACBD624806CFF0062818E /* Info.plist */ = {isa = PBXFileReference; lastKnownFileType = text.plist.xml; path = Info.plist; sourceTree = "<group>"; };
		6FDACBF2248076610062818E /* WorldClockTableViewController.swift */ = {isa = PBXFileReference; lastKnownFileType = sourcecode.swift; path = WorldClockTableViewController.swift; sourceTree = "<group>"; };
		6FDACBF4248076840062818E /* AlarmTableViewController.swift */ = {isa = PBXFileReference; lastKnownFileType = sourcecode.swift; path = AlarmTableViewController.swift; sourceTree = "<group>"; };
		6FDACBF6248076A40062818E /* StopwatchViewController.swift */ = {isa = PBXFileReference; lastKnownFileType = sourcecode.swift; path = StopwatchViewController.swift; sourceTree = "<group>"; };
		6FDACBF8248076B50062818E /* TimerViewController.swift */ = {isa = PBXFileReference; lastKnownFileType = sourcecode.swift; path = TimerViewController.swift; sourceTree = "<group>"; };
		6FDACBFA2480799D0062818E /* HorizontalStackView.swift */ = {isa = PBXFileReference; fileEncoding = 4; lastKnownFileType = sourcecode.swift; path = HorizontalStackView.swift; sourceTree = "<group>"; };
		6FDACBFB2480799D0062818E /* VerticalStackView.swift */ = {isa = PBXFileReference; fileEncoding = 4; lastKnownFileType = sourcecode.swift; path = VerticalStackView.swift; sourceTree = "<group>"; };
		6FDACBFC2480799D0062818E /* UIView+ConstraintLayout.swift */ = {isa = PBXFileReference; fileEncoding = 4; lastKnownFileType = sourcecode.swift; path = "UIView+ConstraintLayout.swift"; sourceTree = "<group>"; };
		6FDACC0124807BAA0062818E /* ClockTabBarController.swift */ = {isa = PBXFileReference; lastKnownFileType = sourcecode.swift; path = ClockTabBarController.swift; sourceTree = "<group>"; };
		6FDACC0424807E470062818E /* Colors.swift */ = {isa = PBXFileReference; lastKnownFileType = sourcecode.swift; path = Colors.swift; sourceTree = "<group>"; };
		8E6BD1991426663C06014BFA /* Pods-Clock.release.xcconfig */ = {isa = PBXFileReference; includeInIndex = 1; lastKnownFileType = text.xcconfig; name = "Pods-Clock.release.xcconfig"; path = "Target Support Files/Pods-Clock/Pods-Clock.release.xcconfig"; sourceTree = "<group>"; };
		9DF9AB262485C03B00C89681 /* AddAlarmTableViewController.swift */ = {isa = PBXFileReference; lastKnownFileType = sourcecode.swift; path = AddAlarmTableViewController.swift; sourceTree = "<group>"; };
		9DF9AB292485C67000C89681 /* SegueInfo.swift */ = {isa = PBXFileReference; lastKnownFileType = sourcecode.swift; path = SegueInfo.swift; sourceTree = "<group>"; };
		D01D1FBDD54848C65738E019 /* Pods-Clock.debug.xcconfig */ = {isa = PBXFileReference; includeInIndex = 1; lastKnownFileType = text.xcconfig; name = "Pods-Clock.debug.xcconfig"; path = "Target Support Files/Pods-Clock/Pods-Clock.debug.xcconfig"; sourceTree = "<group>"; };
/* End PBXFileReference section */

/* Begin PBXFrameworksBuildPhase section */
		6FDACBC224806CFA0062818E /* Frameworks */ = {
			isa = PBXFrameworksBuildPhase;
			buildActionMask = 2147483647;
			files = (
				E28040FE2F3C680C89BA013E /* Pods_Clock.framework in Frameworks */,
			);
			runOnlyForDeploymentPostprocessing = 0;
		};
/* End PBXFrameworksBuildPhase section */

/* Begin PBXGroup section */
		6F1A5D24248474FD00DCFB72 /* Coordinator */ = {
			isa = PBXGroup;
			children = (
				6F1A5D252484751A00DCFB72 /* StopwatchCoordinator.swift */,
			);
			path = Coordinator;
			sourceTree = "<group>";
		};
		6F1A5D272484755900DCFB72 /* Coordinator */ = {
			isa = PBXGroup;
			children = (
				6F1A5D282484756900DCFB72 /* Coordinator.swift */,
			);
			path = Coordinator;
			sourceTree = "<group>";
		};
		6FC1C41224848BF6007B5593 /* View Model */ = {
			isa = PBXGroup;
			children = (
				6FC1C41324848C1D007B5593 /* StopwatchViewModel.swift */,
			);
			path = "View Model";
			sourceTree = "<group>";
		};
		6FC1C415248491B8007B5593 /* Models */ = {
			isa = PBXGroup;
			children = (
				6FC1C41624849B31007B5593 /* Stopwatch.swift */,
			);
			path = Models;
			sourceTree = "<group>";
		};
		6FDACBBC24806CFA0062818E = {
			isa = PBXGroup;
			children = (
				6FDACBC724806CFA0062818E /* Clock */,
				6FDACBC624806CFA0062818E /* Products */,
				8149354229F4909538C5479B /* Pods */,
				9C0F0FE570BFC6F78E961D2A /* Frameworks */,
			);
			sourceTree = "<group>";
		};
		6FDACBC624806CFA0062818E /* Products */ = {
			isa = PBXGroup;
			children = (
				6FDACBC524806CFA0062818E /* Clock.app */,
			);
			name = Products;
			sourceTree = "<group>";
		};
		6FDACBC724806CFA0062818E /* Clock */ = {
			isa = PBXGroup;
			children = (
				9DF9AB242485C00800C89681 /* AddAlarm */,
				6FDACBDD248071D40062818E /* Common */,
				6FDACBDE248071DB0062818E /* WorldClock */,
				6FDACBE12480722B0062818E /* Alarm */,
				6FDACBDF248071E50062818E /* Stopwatch */,
				6FDACBE02480721D0062818E /* Timer */,
				6FDACBDC24806DEE0062818E /* Supporting Files */,
				6FDACBD624806CFF0062818E /* Info.plist */,
			);
			path = Clock;
			sourceTree = "<group>";
		};
		6FDACBDC24806DEE0062818E /* Supporting Files */ = {
			isa = PBXGroup;
			children = (
				6FDACBC824806CFA0062818E /* AppDelegate.swift */,
				6FDACBCA24806CFA0062818E /* SceneDelegate.swift */,
				6FDACBD124806CFF0062818E /* Assets.xcassets */,
				6FDACBD324806CFF0062818E /* LaunchScreen.storyboard */,
			);
			path = "Supporting Files";
			sourceTree = "<group>";
		};
		6FDACBDD248071D40062818E /* Common */ = {
			isa = PBXGroup;
			children = (
				6F1A5D272484755900DCFB72 /* Coordinator */,
				6FDACC0324807E330062818E /* Values */,
				6FDACC0024807B920062818E /* Controllers */,
				6FDACBE22480727A0062818E /* Utils */,
			);
			path = Common;
			sourceTree = "<group>";
		};
		6FDACBDE248071DB0062818E /* WorldClock */ = {
			isa = PBXGroup;
			children = (
				6FDACBE6248075950062818E /* Controllers */,
			);
			path = WorldClock;
			sourceTree = "<group>";
		};
		6FDACBDF248071E50062818E /* Stopwatch */ = {
			isa = PBXGroup;
			children = (
				6F1A5D24248474FD00DCFB72 /* Coordinator */,
				6FC1C415248491B8007B5593 /* Models */,
				6FDACBEC248075B30062818E /* View */,
				6FC1C41224848BF6007B5593 /* View Model */,
			);
			path = Stopwatch;
			sourceTree = "<group>";
		};
		6FDACBE02480721D0062818E /* Timer */ = {
			isa = PBXGroup;
			children = (
				6FDACBEF248075BB0062818E /* Controllers */,
			);
			path = Timer;
			sourceTree = "<group>";
		};
		6FDACBE12480722B0062818E /* Alarm */ = {
			isa = PBXGroup;
			children = (
				6FDACBE9248075AB0062818E /* Controllers */,
			);
			path = Alarm;
			sourceTree = "<group>";
		};
		6FDACBE22480727A0062818E /* Utils */ = {
			isa = PBXGroup;
			children = (
				6F18CFE1248B245D00E91F3F /* CircleButton.swift */,
				6FDACBFA2480799D0062818E /* HorizontalStackView.swift */,
				6FDACBFC2480799D0062818E /* UIView+ConstraintLayout.swift */,
				6FDACBFB2480799D0062818E /* VerticalStackView.swift */,
				6F18CFDF248AD77500E91F3F /* UIDevice+size.swift */,
				6F18CFE3248B7BB400E91F3F /* TimeInterval+string.swift */,
			);
			path = Utils;
			sourceTree = "<group>";
		};
		6FDACBE6248075950062818E /* Controllers */ = {
			isa = PBXGroup;
			children = (
				6FDACBF2248076610062818E /* WorldClockTableViewController.swift */,
			);
			path = Controllers;
			sourceTree = "<group>";
		};
		6FDACBE9248075AB0062818E /* Controllers */ = {
			isa = PBXGroup;
			children = (
				6FDACBF4248076840062818E /* AlarmTableViewController.swift */,
			);
			path = Controllers;
			sourceTree = "<group>";
		};
		6FDACBEC248075B30062818E /* View */ = {
			isa = PBXGroup;
			children = (
				6FDACBF6248076A40062818E /* StopwatchViewController.swift */,
			);
			path = View;
			sourceTree = "<group>";
		};
		6FDACBEF248075BB0062818E /* Controllers */ = {
			isa = PBXGroup;
			children = (
				6FDACBF8248076B50062818E /* TimerViewController.swift */,
			);
			path = Controllers;
			sourceTree = "<group>";
		};
		6FDACC0024807B920062818E /* Controllers */ = {
			isa = PBXGroup;
			children = (
				6FDACC0124807BAA0062818E /* ClockTabBarController.swift */,
			);
			path = Controllers;
			sourceTree = "<group>";
		};
		6FDACC0324807E330062818E /* Values */ = {
			isa = PBXGroup;
			children = (
				6FDACC0424807E470062818E /* Colors.swift */,
			);
			path = Values;
			sourceTree = "<group>";
		};
		8149354229F4909538C5479B /* Pods */ = {
			isa = PBXGroup;
			children = (
				D01D1FBDD54848C65738E019 /* Pods-Clock.debug.xcconfig */,
				8E6BD1991426663C06014BFA /* Pods-Clock.release.xcconfig */,
			);
			path = Pods;
			sourceTree = "<group>";
		};
		9C0F0FE570BFC6F78E961D2A /* Frameworks */ = {
			isa = PBXGroup;
			children = (
				6D9E14E1750D1352047F32F8 /* Pods_Clock.framework */,
			);
			name = Frameworks;
			sourceTree = "<group>";
		};
		9DF9AB242485C00800C89681 /* AddAlarm */ = {
			isa = PBXGroup;
			children = (
				9DF9AB282485C66400C89681 /* Model */,
				9DF9AB252485C01A00C89681 /* Controller */,
			);
			path = AddAlarm;
			sourceTree = "<group>";
		};
		9DF9AB252485C01A00C89681 /* Controller */ = {
			isa = PBXGroup;
			children = (
				9DF9AB262485C03B00C89681 /* AddAlarmTableViewController.swift */,
			);
			path = Controller;
			sourceTree = "<group>";
		};
		9DF9AB282485C66400C89681 /* Model */ = {
			isa = PBXGroup;
			children = (
				9DF9AB292485C67000C89681 /* SegueInfo.swift */,
			);
			path = Model;
			sourceTree = "<group>";
		};
/* End PBXGroup section */

/* Begin PBXNativeTarget section */
		6FDACBC424806CFA0062818E /* Clock */ = {
			isa = PBXNativeTarget;
			buildConfigurationList = 6FDACBD924806CFF0062818E /* Build configuration list for PBXNativeTarget "Clock" */;
			buildPhases = (
				C6128E017E51252502C7D4A6 /* [CP] Check Pods Manifest.lock */,
				6FDACBC124806CFA0062818E /* Sources */,
				6FDACBC224806CFA0062818E /* Frameworks */,
				6FDACBC324806CFA0062818E /* Resources */,
				EFC6053AF74C8B118A30B8FE /* [CP] Embed Pods Frameworks */,
			);
			buildRules = (
			);
			dependencies = (
			);
			name = Clock;
			productName = Clock;
			productReference = 6FDACBC524806CFA0062818E /* Clock.app */;
			productType = "com.apple.product-type.application";
		};
/* End PBXNativeTarget section */

/* Begin PBXProject section */
		6FDACBBD24806CFA0062818E /* Project object */ = {
			isa = PBXProject;
			attributes = {
				LastSwiftUpdateCheck = 1150;
				LastUpgradeCheck = 1150;
				ORGANIZATIONNAME = CICCC;
				TargetAttributes = {
					6FDACBC424806CFA0062818E = {
						CreatedOnToolsVersion = 11.5;
					};
				};
			};
			buildConfigurationList = 6FDACBC024806CFA0062818E /* Build configuration list for PBXProject "Clock" */;
			compatibilityVersion = "Xcode 9.3";
			developmentRegion = en;
			hasScannedForEncodings = 0;
			knownRegions = (
				en,
				Base,
			);
			mainGroup = 6FDACBBC24806CFA0062818E;
			productRefGroup = 6FDACBC624806CFA0062818E /* Products */;
			projectDirPath = "";
			projectRoot = "";
			targets = (
				6FDACBC424806CFA0062818E /* Clock */,
			);
		};
/* End PBXProject section */

/* Begin PBXResourcesBuildPhase section */
		6FDACBC324806CFA0062818E /* Resources */ = {
			isa = PBXResourcesBuildPhase;
			buildActionMask = 2147483647;
			files = (
				6FDACBD524806CFF0062818E /* LaunchScreen.storyboard in Resources */,
				6FDACBD224806CFF0062818E /* Assets.xcassets in Resources */,
			);
			runOnlyForDeploymentPostprocessing = 0;
		};
/* End PBXResourcesBuildPhase section */

/* Begin PBXShellScriptBuildPhase section */
		C6128E017E51252502C7D4A6 /* [CP] Check Pods Manifest.lock */ = {
			isa = PBXShellScriptBuildPhase;
			buildActionMask = 2147483647;
			files = (
			);
			inputFileListPaths = (
			);
			inputPaths = (
				"${PODS_PODFILE_DIR_PATH}/Podfile.lock",
				"${PODS_ROOT}/Manifest.lock",
			);
			name = "[CP] Check Pods Manifest.lock";
			outputFileListPaths = (
			);
			outputPaths = (
				"$(DERIVED_FILE_DIR)/Pods-Clock-checkManifestLockResult.txt",
			);
			runOnlyForDeploymentPostprocessing = 0;
			shellPath = /bin/sh;
			shellScript = "diff \"${PODS_PODFILE_DIR_PATH}/Podfile.lock\" \"${PODS_ROOT}/Manifest.lock\" > /dev/null\nif [ $? != 0 ] ; then\n    # print error to STDERR\n    echo \"error: The sandbox is not in sync with the Podfile.lock. Run 'pod install' or update your CocoaPods installation.\" >&2\n    exit 1\nfi\n# This output is used by Xcode 'outputs' to avoid re-running this script phase.\necho \"SUCCESS\" > \"${SCRIPT_OUTPUT_FILE_0}\"\n";
			showEnvVarsInLog = 0;
		};
		EFC6053AF74C8B118A30B8FE /* [CP] Embed Pods Frameworks */ = {
			isa = PBXShellScriptBuildPhase;
			buildActionMask = 2147483647;
			files = (
			);
			inputFileListPaths = (
				"${PODS_ROOT}/Target Support Files/Pods-Clock/Pods-Clock-frameworks-${CONFIGURATION}-input-files.xcfilelist",
			);
			name = "[CP] Embed Pods Frameworks";
			outputFileListPaths = (
				"${PODS_ROOT}/Target Support Files/Pods-Clock/Pods-Clock-frameworks-${CONFIGURATION}-output-files.xcfilelist",
			);
			runOnlyForDeploymentPostprocessing = 0;
			shellPath = /bin/sh;
			shellScript = "\"${PODS_ROOT}/Target Support Files/Pods-Clock/Pods-Clock-frameworks.sh\"\n";
			showEnvVarsInLog = 0;
		};
/* End PBXShellScriptBuildPhase section */

/* Begin PBXSourcesBuildPhase section */
		6FDACBC124806CFA0062818E /* Sources */ = {
			isa = PBXSourcesBuildPhase;
			buildActionMask = 2147483647;
			files = (
				6FDACBF3248076610062818E /* WorldClockTableViewController.swift in Sources */,
				6FDACC0524807E470062818E /* Colors.swift in Sources */,
				6F1A5D292484756900DCFB72 /* Coordinator.swift in Sources */,
				6F1A5D262484751A00DCFB72 /* StopwatchCoordinator.swift in Sources */,
				6FDACBF5248076840062818E /* AlarmTableViewController.swift in Sources */,
				6FDACBC924806CFA0062818E /* AppDelegate.swift in Sources */,
				6FC1C41424848C1D007B5593 /* StopwatchViewModel.swift in Sources */,
				6FC1C41724849B31007B5593 /* Stopwatch.swift in Sources */,
				6FDACBCB24806CFA0062818E /* SceneDelegate.swift in Sources */,
				6FDACBFD2480799D0062818E /* HorizontalStackView.swift in Sources */,
				6F18CFE4248B7BB400E91F3F /* TimeInterval+string.swift in Sources */,
				6F18CFE2248B245D00E91F3F /* CircleButton.swift in Sources */,
				6FDACBFE2480799D0062818E /* VerticalStackView.swift in Sources */,
				6FDACC0224807BAA0062818E /* ClockTabBarController.swift in Sources */,
				9DF9AB2A2485C67000C89681 /* SegueInfo.swift in Sources */,
				6FDACBFF2480799D0062818E /* UIView+ConstraintLayout.swift in Sources */,
				6F18CFE0248AD77500E91F3F /* UIDevice+size.swift in Sources */,
				6FDACBF9248076B50062818E /* TimerViewController.swift in Sources */,
				6FDACBF7248076A40062818E /* StopwatchViewController.swift in Sources */,
				9DF9AB272485C03B00C89681 /* AddAlarmTableViewController.swift in Sources */,
			);
			runOnlyForDeploymentPostprocessing = 0;
		};
/* End PBXSourcesBuildPhase section */

/* Begin PBXVariantGroup section */
		6FDACBD324806CFF0062818E /* LaunchScreen.storyboard */ = {
			isa = PBXVariantGroup;
			children = (
				6FDACBD424806CFF0062818E /* Base */,
			);
			name = LaunchScreen.storyboard;
			sourceTree = "<group>";
		};
/* End PBXVariantGroup section */

/* Begin XCBuildConfiguration section */
		6FDACBD724806CFF0062818E /* Debug */ = {
			isa = XCBuildConfiguration;
			buildSettings = {
				ALWAYS_SEARCH_USER_PATHS = NO;
				CLANG_ANALYZER_NONNULL = YES;
				CLANG_ANALYZER_NUMBER_OBJECT_CONVERSION = YES_AGGRESSIVE;
				CLANG_CXX_LANGUAGE_STANDARD = "gnu++14";
				CLANG_CXX_LIBRARY = "libc++";
				CLANG_ENABLE_MODULES = YES;
				CLANG_ENABLE_OBJC_ARC = YES;
				CLANG_ENABLE_OBJC_WEAK = YES;
				CLANG_WARN_BLOCK_CAPTURE_AUTORELEASING = YES;
				CLANG_WARN_BOOL_CONVERSION = YES;
				CLANG_WARN_COMMA = YES;
				CLANG_WARN_CONSTANT_CONVERSION = YES;
				CLANG_WARN_DEPRECATED_OBJC_IMPLEMENTATIONS = YES;
				CLANG_WARN_DIRECT_OBJC_ISA_USAGE = YES_ERROR;
				CLANG_WARN_DOCUMENTATION_COMMENTS = YES;
				CLANG_WARN_EMPTY_BODY = YES;
				CLANG_WARN_ENUM_CONVERSION = YES;
				CLANG_WARN_INFINITE_RECURSION = YES;
				CLANG_WARN_INT_CONVERSION = YES;
				CLANG_WARN_NON_LITERAL_NULL_CONVERSION = YES;
				CLANG_WARN_OBJC_IMPLICIT_RETAIN_SELF = YES;
				CLANG_WARN_OBJC_LITERAL_CONVERSION = YES;
				CLANG_WARN_OBJC_ROOT_CLASS = YES_ERROR;
				CLANG_WARN_RANGE_LOOP_ANALYSIS = YES;
				CLANG_WARN_STRICT_PROTOTYPES = YES;
				CLANG_WARN_SUSPICIOUS_MOVE = YES;
				CLANG_WARN_UNGUARDED_AVAILABILITY = YES_AGGRESSIVE;
				CLANG_WARN_UNREACHABLE_CODE = YES;
				CLANG_WARN__DUPLICATE_METHOD_MATCH = YES;
				COPY_PHASE_STRIP = NO;
				DEBUG_INFORMATION_FORMAT = dwarf;
				ENABLE_STRICT_OBJC_MSGSEND = YES;
				ENABLE_TESTABILITY = YES;
				GCC_C_LANGUAGE_STANDARD = gnu11;
				GCC_DYNAMIC_NO_PIC = NO;
				GCC_NO_COMMON_BLOCKS = YES;
				GCC_OPTIMIZATION_LEVEL = 0;
				GCC_PREPROCESSOR_DEFINITIONS = (
					"DEBUG=1",
					"$(inherited)",
				);
				GCC_WARN_64_TO_32_BIT_CONVERSION = YES;
				GCC_WARN_ABOUT_RETURN_TYPE = YES_ERROR;
				GCC_WARN_UNDECLARED_SELECTOR = YES;
				GCC_WARN_UNINITIALIZED_AUTOS = YES_AGGRESSIVE;
				GCC_WARN_UNUSED_FUNCTION = YES;
				GCC_WARN_UNUSED_VARIABLE = YES;
				IPHONEOS_DEPLOYMENT_TARGET = 13.3;
				MTL_ENABLE_DEBUG_INFO = INCLUDE_SOURCE;
				MTL_FAST_MATH = YES;
				ONLY_ACTIVE_ARCH = YES;
				SDKROOT = iphoneos;
				SWIFT_ACTIVE_COMPILATION_CONDITIONS = DEBUG;
				SWIFT_OPTIMIZATION_LEVEL = "-Onone";
			};
			name = Debug;
		};
		6FDACBD824806CFF0062818E /* Release */ = {
			isa = XCBuildConfiguration;
			buildSettings = {
				ALWAYS_SEARCH_USER_PATHS = NO;
				CLANG_ANALYZER_NONNULL = YES;
				CLANG_ANALYZER_NUMBER_OBJECT_CONVERSION = YES_AGGRESSIVE;
				CLANG_CXX_LANGUAGE_STANDARD = "gnu++14";
				CLANG_CXX_LIBRARY = "libc++";
				CLANG_ENABLE_MODULES = YES;
				CLANG_ENABLE_OBJC_ARC = YES;
				CLANG_ENABLE_OBJC_WEAK = YES;
				CLANG_WARN_BLOCK_CAPTURE_AUTORELEASING = YES;
				CLANG_WARN_BOOL_CONVERSION = YES;
				CLANG_WARN_COMMA = YES;
				CLANG_WARN_CONSTANT_CONVERSION = YES;
				CLANG_WARN_DEPRECATED_OBJC_IMPLEMENTATIONS = YES;
				CLANG_WARN_DIRECT_OBJC_ISA_USAGE = YES_ERROR;
				CLANG_WARN_DOCUMENTATION_COMMENTS = YES;
				CLANG_WARN_EMPTY_BODY = YES;
				CLANG_WARN_ENUM_CONVERSION = YES;
				CLANG_WARN_INFINITE_RECURSION = YES;
				CLANG_WARN_INT_CONVERSION = YES;
				CLANG_WARN_NON_LITERAL_NULL_CONVERSION = YES;
				CLANG_WARN_OBJC_IMPLICIT_RETAIN_SELF = YES;
				CLANG_WARN_OBJC_LITERAL_CONVERSION = YES;
				CLANG_WARN_OBJC_ROOT_CLASS = YES_ERROR;
				CLANG_WARN_RANGE_LOOP_ANALYSIS = YES;
				CLANG_WARN_STRICT_PROTOTYPES = YES;
				CLANG_WARN_SUSPICIOUS_MOVE = YES;
				CLANG_WARN_UNGUARDED_AVAILABILITY = YES_AGGRESSIVE;
				CLANG_WARN_UNREACHABLE_CODE = YES;
				CLANG_WARN__DUPLICATE_METHOD_MATCH = YES;
				COPY_PHASE_STRIP = NO;
				DEBUG_INFORMATION_FORMAT = "dwarf-with-dsym";
				ENABLE_NS_ASSERTIONS = NO;
				ENABLE_STRICT_OBJC_MSGSEND = YES;
				GCC_C_LANGUAGE_STANDARD = gnu11;
				GCC_NO_COMMON_BLOCKS = YES;
				GCC_WARN_64_TO_32_BIT_CONVERSION = YES;
				GCC_WARN_ABOUT_RETURN_TYPE = YES_ERROR;
				GCC_WARN_UNDECLARED_SELECTOR = YES;
				GCC_WARN_UNINITIALIZED_AUTOS = YES_AGGRESSIVE;
				GCC_WARN_UNUSED_FUNCTION = YES;
				GCC_WARN_UNUSED_VARIABLE = YES;
				IPHONEOS_DEPLOYMENT_TARGET = 13.3;
				MTL_ENABLE_DEBUG_INFO = NO;
				MTL_FAST_MATH = YES;
				SDKROOT = iphoneos;
				SWIFT_COMPILATION_MODE = wholemodule;
				SWIFT_OPTIMIZATION_LEVEL = "-O";
				VALIDATE_PRODUCT = YES;
			};
			name = Release;
		};
		6FDACBDA24806CFF0062818E /* Debug */ = {
			isa = XCBuildConfiguration;
			baseConfigurationReference = D01D1FBDD54848C65738E019 /* Pods-Clock.debug.xcconfig */;
			buildSettings = {
				ASSETCATALOG_COMPILER_APPICON_NAME = AppIcon;
				CODE_SIGN_IDENTITY = "Apple Development";
				CODE_SIGN_STYLE = Automatic;
				DEVELOPMENT_TEAM = JG4BH99S56;
				INFOPLIST_FILE = Clock/Info.plist;
				IPHONEOS_DEPLOYMENT_TARGET = 13.5;
				LD_RUNPATH_SEARCH_PATHS = (
					"$(inherited)",
					"@executable_path/Frameworks",
				);
				PRODUCT_BUNDLE_IDENTIFIER = ca.ciccc.wmad0903.mobile.group1.Clock;
				PRODUCT_NAME = "$(TARGET_NAME)";
				PROVISIONING_PROFILE_SPECIFIER = "";
				SWIFT_VERSION = 5.0;
				TARGETED_DEVICE_FAMILY = "1,2";
			};
			name = Debug;
		};
		6FDACBDB24806CFF0062818E /* Release */ = {
			isa = XCBuildConfiguration;
			baseConfigurationReference = 8E6BD1991426663C06014BFA /* Pods-Clock.release.xcconfig */;
			buildSettings = {
				ASSETCATALOG_COMPILER_APPICON_NAME = AppIcon;
				CODE_SIGN_IDENTITY = "Apple Development";
				CODE_SIGN_STYLE = Automatic;
				DEVELOPMENT_TEAM = JG4BH99S56;
				INFOPLIST_FILE = Clock/Info.plist;
				IPHONEOS_DEPLOYMENT_TARGET = 13.5;
				LD_RUNPATH_SEARCH_PATHS = (
					"$(inherited)",
					"@executable_path/Frameworks",
				);
				PRODUCT_BUNDLE_IDENTIFIER = ca.ciccc.wmad0903.mobile.group1.Clock;
				PRODUCT_NAME = "$(TARGET_NAME)";
				PROVISIONING_PROFILE_SPECIFIER = "";
				SWIFT_VERSION = 5.0;
				TARGETED_DEVICE_FAMILY = "1,2";
			};
			name = Release;
		};
/* End XCBuildConfiguration section */

/* Begin XCConfigurationList section */
		6FDACBC024806CFA0062818E /* Build configuration list for PBXProject "Clock" */ = {
			isa = XCConfigurationList;
			buildConfigurations = (
				6FDACBD724806CFF0062818E /* Debug */,
				6FDACBD824806CFF0062818E /* Release */,
			);
			defaultConfigurationIsVisible = 0;
			defaultConfigurationName = Release;
		};
		6FDACBD924806CFF0062818E /* Build configuration list for PBXNativeTarget "Clock" */ = {
			isa = XCConfigurationList;
			buildConfigurations = (
				6FDACBDA24806CFF0062818E /* Debug */,
				6FDACBDB24806CFF0062818E /* Release */,
			);
			defaultConfigurationIsVisible = 0;
			defaultConfigurationName = Release;
		};
/* End XCConfigurationList section */
	};
	rootObject = 6FDACBBD24806CFA0062818E /* Project object */;
}
